github.com/AndreasBriese/bbloom v0.0.0-20170702084017-28f7e881ca57 h1:CVuXDbdzPW0XCNYTldy5dQues57geAs+vfwz3FTTpy8=
github.com/AndreasBriese/bbloom v0.0.0-20170702084017-28f7e881ca57/go.mod h1:bOvUY6CB00SOBii9/FifXqc0awNKxLFCL/+pkDPuyl8=
github.com/davecgh/go-spew v1.1.1 h1:vj9j/u1bqnvCEfJOwUhtlOARqs3+rkHYY13jYWTU97c=
github.com/davecgh/go-spew v1.1.1/go.mod h1:J7Y8YcW2NihsgmVo/mv3lAwl/skON4iLHjSsI+c5H38=
github.com/dgraph-io/badger v0.0.0-20170905012857-f407625a0c13 h1:IIDsUWNdaCiUvtZIMynngdFEqb0SMshqb4V8ghwbuqk=
github.com/dgraph-io/badger v0.0.0-20170905012857-f407625a0c13/go.mod h1:VZxzAIRPHRVNRKRo6AXrX9BJegn6il06VMTZVJYCIjQ=
github.com/go-sql-driver/mysql v0.0.0-20170822214809-26471af196a1 h1:9i8K0Xu0fdkZtOGv83cgBNQEBrrMRCrjV7Ln/uXso+s=
github.com/go-sql-driver/mysql v0.0.0-20170822214809-26471af196a1/go.mod h1:zAC/RDZ24gD3HViQzih4MyKcchzm+sOG5ZlKdlhCg5w=
github.com/golang/protobuf v0.0.0-20170902000452-17ce1425424a h1:pklYnGCcDc7eaFCzmrTM4fiNgWT5z49peC8hOVdDG88=
github.com/golang/protobuf v0.0.0-20170902000452-17ce1425424a/go.mod h1:6lQm79b+lXiMfvg/cZm0SGofjICqVBUtrP5yJMmIC1U=
github.com/google/gofuzz v0.0.0-20170612174753-24818f796faf h1:+RRA9JqSOZFfKrOeqr2z77+8R2RKyh8PG66dcu1V0ck=
github.com/google/gofuzz v0.0.0-20170612174753-24818f796faf/go.mod h1:HP5RmnzzSNb993RKQDq4+1A4ia9nllfqcQFTQJedwGI=
github.com/json-iterator/go v0.0.0-20170905050003-db32ee8c2dc8 h1:DqTweFz3SM1tlYYrIrVERcjEIOSN4SmnH8hkf6XxuUc=
github.com/json-iterator/go v0.0.0-20170905050003-db32ee8c2dc8/go.mod h1:+SdeFBvtyEkXs7REEP0seUULqWtbJapLOCVDaaPEHmU=
github.com/pkg/errors v0.0.0-20170505043639-c605e284fe17 h1:chPfVn+gpAM5CTpTyVU9j8J+xgRGwmoDlNDLjKnJiYo=
github.com/pkg/errors v0.0.0-20170505043639-c605e284fe17/go.mod h1:bwawxfHBFNV+L2hUp1rHADufV3IMtnDRdf1r5NINEl0=
github.com/pmezard/go-difflib v1.0.0 h1:4DBwDE0NGyQoBHbLQYPwSUPoCMWR5BEzIk/f1lZbAQM=
github.com/pmezard/go-difflib v1.0.0/go.mod h1:iKH77koFhYxTK1pcRnkKkqfTogsbg7gZNVY4sRDYZ/4=
github.com/satori/go.uuid v0.0.0-20170321230731-5bf94b69c6b6 h1:7PFDlUz5/yGp8w21PuZGgEfN7ZF7OXvgAIDjwih82Gs=
github.com/satori/go.uuid v0.0.0-20170321230731-5bf94b69c6b6/go.mod h1:dA0hQrYB0VpLJoorglMZABFdXlWrHn1NEOzdhQKdks0=
github.com/stretchr/testify v1.2.2 h1:bSDNvY7ZPG5RlJ8otE/7V6gMiyenm9RtJ7IUVIAoJ1w=
github.com/stretchr/testify v1.2.2/go.mod h1:a8OnRcib4nhh0OaRAV+Yts87kKdq0PP7pXfy6kDkUVs=
golang.org/x/net v0.0.0-20170828231752-66aacef3dd8a h1:DZGc/od29xzgmdBTGZL3zqLaoHS0O+qdIEYJNkOxDKM=
golang.org/x/net v0.0.0-20170828231752-66aacef3dd8a/go.mod h1:mL1N/T3taQHkDXs73rZJwtUhF3w3ftmwwsq0BUmARs4=
golang.org/x/sync v0.0.0-20181108010431-42b317875d0f h1:Bl/8QSvNqXvPGPGXa2z5xUTmV7VDcZyvRZ+QQXkXTZQ=
golang.org/x/sync v0.0.0-20181108010431-42b317875d0f/go.mod h1:RxMgew5VJxzue5/jJTE5uejpjVlOe/izrB70Jof72aM=
golang.org/x/sys v0.0.0-20170901181214-7ddbeae9ae08 h1:zbq2OrbM9Ho7ysO4U4W7fOFUNYfeTv/dmAAbMiG9qRs=
golang.org/x/sys v0.0.0-20170901181214-7ddbeae9ae08/go.mod h1:STP8DvDyc/dI5b8T5hshtkjS+E42TnysNCUPdjciGhY=
